
Microsoft Visual Studio Solution File, Format Version 12.00
# Visual Studio Version 17
VisualStudioVersion = 17.9.34728.123
MinimumVisualStudioVersion = 10.0.40219.1
Project("{FAE04EC0-301F-11D3-BF4B-00C04F79EFBC}") = "TakeAwaySignalR.WebApi", "TakeAwaySignalR.WebApi\TakeAwaySignalR.WebApi.csproj", "{A06F81D7-E5B5-4804-9617-556AE7468596}"
EndProject
Project("{FAE04EC0-301F-11D3-BF4B-00C04F79EFBC}") = "TakeAwaySignalR.WebUI", "TakeAwaySignalR.WebUI\TakeAwaySignalR.WebUI.csproj", "{5E82B9D0-7ABA-452B-A7A9-6340670D0169}"
EndProject
Global
	GlobalSection(SolutionConfigurationPlatforms) = preSolution
		Debug|Any CPU = Debug|Any CPU
		Release|Any CPU = Release|Any CPU
	EndGlobalSection
	GlobalSection(ProjectConfigurationPlatforms) = postSolution
		{A06F81D7-E5B5-4804-9617-556AE7468596}.Debug|Any CPU.ActiveCfg = Debug|Any CPU
		{A06F81D7-E5B5-4804-9617-556AE7468596}.Debug|Any CPU.Build.0 = Debug|Any CPU
		{A06F81D7-E5B5-4804-9617-556AE7468596}.Release|Any CPU.ActiveCfg = Release|Any CPU
		{A06F81D7-E5B5-4804-9617-556AE7468596}.Release|Any CPU.Build.0 = Release|Any CPU
		{5E82B9D0-7ABA-452B-A7A9-6340670D0169}.Debug|Any CPU.ActiveCfg = Debug|Any CPU
		{5E82B9D0-7ABA-452B-A7A9-6340670D0169}.Debug|Any CPU.Build.0 = Debug|Any CPU
		{5E82B9D0-7ABA-452B-A7A9-6340670D0169}.Release|Any CPU.ActiveCfg = Release|Any CPU
		{5E82B9D0-7ABA-452B-A7A9-6340670D0169}.Release|Any CPU.Build.0 = Release|Any CPU
	EndGlobalSection
	GlobalSection(SolutionProperties) = preSolution
		HideSolutionNode = FALSE
	EndGlobalSection
	GlobalSection(ExtensibilityGlobals) = postSolution
		SolutionGuid = {F9927DBA-D17A-40AD-9164-A2DB8998F7B1}
	EndGlobalSection
EndGlobal
